{
  "nodes": {
    "flake-compat": {
      "flake": false,
      "locked": {
        "lastModified": 1606424373,
        "narHash": "sha256-oq8d4//CJOrVj+EcOaSXvMebvuTkmBJuT5tzlfewUnQ=",
        "owner": "edolstra",
        "repo": "flake-compat",
        "rev": "99f1c2157fba4bfe6211a321fd0ee43199025dbf",
        "type": "github"
      },
      "original": {
        "owner": "edolstra",
        "repo": "flake-compat",
        "type": "github"
      }
    },
    "nix-darwin": {
      "inputs": {
        "nixpkgs": [
          "nixpkgs"
        ]
      },
      "locked": {
        "lastModified": 1621547291,
        "narHash": "sha256-CfdzGMrQGPNu9fV8FvU/C+PjXBNdlJ8cudAMX9xYzLE=",
        "owner": "hackworthltd",
        "repo": "nix-darwin",
        "rev": "50cc949083526d0b25dfcfc32de4e987af566fd3",
        "type": "github"
      },
      "original": {
        "owner": "hackworthltd",
        "ref": "fixes-v6",
        "repo": "nix-darwin",
        "type": "github"
      }
    },
    "nixpkgs": {
      "locked": {
        "lastModified": 1621471095,
        "narHash": "sha256-Ses8dUMzdkx/BVn2VznrTtv+DvagdJ2X2aQg/h/O/co=",
        "owner": "NixOS",
        "repo": "nixpkgs",
        "rev": "80fcac0b311031657783b721c935d2d9348dffee",
        "type": "github"
      },
      "original": {
        "owner": "NixOS",
        "ref": "nixpkgs-unstable",
        "repo": "nixpkgs",
        "type": "github"
      }
    },
    "root": {
      "inputs": {
        "flake-compat": "flake-compat",
        "nix-darwin": "nix-darwin",
        "nixpkgs": "nixpkgs"
      }
    }
  },
  "root": "root",
  "version": 7
}
